
Microsoft Visual Studio Solution File, Format Version 12.00
# Visual Studio 2013
VisualStudioVersion = 12.0.31101.0
MinimumVisualStudioVersion = 10.0.40219.1
Project("{F2A71F9B-5D33-465A-A702-920D77279786}") = "Exercise0", "src\Exercise0\Exercise0.fsproj", "{8F5F0C57-4629-4CAB-96F5-2C74821202D7}"
EndProject
Project("{F2A71F9B-5D33-465A-A702-920D77279786}") = "Exercise1", "src\Exercise1\Exercise1.fsproj", "{C5AB53C7-E6DF-47B6-8BCE-ECFE7A29D010}"
EndProject
Project("{F2A71F9B-5D33-465A-A702-920D77279786}") = "Exercise2", "src\Exercise2\Exercise2.fsproj", "{6EF558A4-F1D6-40FC-897B-C4F1F49C0531}"
EndProject
Project("{F2A71F9B-5D33-465A-A702-920D77279786}") = "Exercise3", "src\Exercise3\Exercise3.fsproj", "{615A1F31-CEE3-4AC3-B8DC-741A405531BE}"
EndProject
Project("{F2A71F9B-5D33-465A-A702-920D77279786}") = "Exercise4", "src\Exercise4\Exercise4.fsproj", "{40B5A93B-92DD-4B90-A628-E35F2C3DA470}"
EndProject
Project("{F2A71F9B-5D33-465A-A702-920D77279786}") = "Exercise5", "src\Exercise5\Exercise5.fsproj", "{D88717D1-6084-412A-A294-12CAC8042F17}"
EndProject
Project("{2150E333-8FDC-42A3-9474-1A3956D46DE8}") = "Exercises", "Exercises", "{75FB467F-BD73-4B6A-A299-5611655C51B4}"
EndProject
Project("{2150E333-8FDC-42A3-9474-1A3956D46DE8}") = "Solutions", "Solutions", "{EBDADD5D-F10C-4C69-8F84-87DCDE1BAAD7}"
EndProject
Project("{F2A71F9B-5D33-465A-A702-920D77279786}") = "Solution0", "src\Solution0\Solution0.fsproj", "{6944ED6C-BB1A-432D-966F-ECDF56157B4E}"
EndProject
Project("{F2A71F9B-5D33-465A-A702-920D77279786}") = "Solution1", "src\Solution1\Solution1.fsproj", "{FAC3009E-B24D-4D45-A8ED-0F1561CFD99D}"
EndProject
Project("{F2A71F9B-5D33-465A-A702-920D77279786}") = "Solution2", "src\Solution2\Solution2.fsproj", "{B2F9215D-610B-47DD-9C26-58834481A1ED}"
EndProject
Project("{F2A71F9B-5D33-465A-A702-920D77279786}") = "Solution3", "src\Solution3\Solution3.fsproj", "{4B9B4ABA-04A9-4389-A3E1-CB17F619097D}"
EndProject
Project("{F2A71F9B-5D33-465A-A702-920D77279786}") = "Solution4", "src\Solution4\Solution4.fsproj", "{4789A66A-193E-4F8D-BCCE-2C6AA3530DCD}"
EndProject
Project("{F2A71F9B-5D33-465A-A702-920D77279786}") = "Solution5", "src\Solution5\Solution5.fsproj", "{049A3AA1-B45E-435B-9FA7-21EEF6AD7E00}"
EndProject
Project("{F2A71F9B-5D33-465A-A702-920D77279786}") = "Solution5a", "src\Solution5a\Solution5a.fsproj", "{7BB63BA5-1DDC-4ECA-B4E5-5F144AFA4487}"
EndProject
Project("{2150E333-8FDC-42A3-9474-1A3956D46DE8}") = "Introduction", "Introduction", "{AC23D471-FF4C-40E8-9316-0F33F90F5267}"
EndProject
Project("{2150E333-8FDC-42A3-9474-1A3956D46DE8}") = "Project", "Project", "{66A31B69-2F4D-466C-9BF0-9BD53F36B20C}"
EndProject
Project("{2150E333-8FDC-42A3-9474-1A3956D46DE8}") = "Stages", "Stages", "{2E56C60B-F219-4146-8E0C-DEBE89FE8771}"
EndProject
Project("{F2A71F9B-5D33-465A-A702-920D77279786}") = "Stage1", "src\Stage1\Stage1.fsproj", "{A7EC9376-9A36-410C-9912-FBE800B2025C}"
EndProject
Project("{F2A71F9B-5D33-465A-A702-920D77279786}") = "Domain", "src\Domain\Domain.fsproj", "{D468F481-9A1E-48D3-91C0-3F6D7AB51DEB}"
EndProject
Project("{2150E333-8FDC-42A3-9474-1A3956D46DE8}") = "Domain", "Domain", "{0B82CCA7-2290-4FF7-A336-FE64C58B27A4}"
EndProject
Global
	GlobalSection(SolutionConfigurationPlatforms) = preSolution
		Debug|Any CPU = Debug|Any CPU
		Release|Any CPU = Release|Any CPU
	EndGlobalSection
	GlobalSection(ProjectConfigurationPlatforms) = postSolution
		{8F5F0C57-4629-4CAB-96F5-2C74821202D7}.Debug|Any CPU.ActiveCfg = Debug|Any CPU
		{8F5F0C57-4629-4CAB-96F5-2C74821202D7}.Debug|Any CPU.Build.0 = Debug|Any CPU
		{8F5F0C57-4629-4CAB-96F5-2C74821202D7}.Release|Any CPU.ActiveCfg = Release|Any CPU
		{8F5F0C57-4629-4CAB-96F5-2C74821202D7}.Release|Any CPU.Build.0 = Release|Any CPU
		{C5AB53C7-E6DF-47B6-8BCE-ECFE7A29D010}.Debug|Any CPU.ActiveCfg = Debug|Any CPU
		{C5AB53C7-E6DF-47B6-8BCE-ECFE7A29D010}.Debug|Any CPU.Build.0 = Debug|Any CPU
		{C5AB53C7-E6DF-47B6-8BCE-ECFE7A29D010}.Release|Any CPU.ActiveCfg = Release|Any CPU
		{C5AB53C7-E6DF-47B6-8BCE-ECFE7A29D010}.Release|Any CPU.Build.0 = Release|Any CPU
		{6EF558A4-F1D6-40FC-897B-C4F1F49C0531}.Debug|Any CPU.ActiveCfg = Debug|Any CPU
		{6EF558A4-F1D6-40FC-897B-C4F1F49C0531}.Debug|Any CPU.Build.0 = Debug|Any CPU
		{6EF558A4-F1D6-40FC-897B-C4F1F49C0531}.Release|Any CPU.ActiveCfg = Release|Any CPU
		{6EF558A4-F1D6-40FC-897B-C4F1F49C0531}.Release|Any CPU.Build.0 = Release|Any CPU
		{615A1F31-CEE3-4AC3-B8DC-741A405531BE}.Debug|Any CPU.ActiveCfg = Debug|Any CPU
		{615A1F31-CEE3-4AC3-B8DC-741A405531BE}.Debug|Any CPU.Build.0 = Debug|Any CPU
		{615A1F31-CEE3-4AC3-B8DC-741A405531BE}.Release|Any CPU.ActiveCfg = Release|Any CPU
		{615A1F31-CEE3-4AC3-B8DC-741A405531BE}.Release|Any CPU.Build.0 = Release|Any CPU
		{40B5A93B-92DD-4B90-A628-E35F2C3DA470}.Debug|Any CPU.ActiveCfg = Debug|Any CPU
		{40B5A93B-92DD-4B90-A628-E35F2C3DA470}.Debug|Any CPU.Build.0 = Debug|Any CPU
		{40B5A93B-92DD-4B90-A628-E35F2C3DA470}.Release|Any CPU.ActiveCfg = Release|Any CPU
		{40B5A93B-92DD-4B90-A628-E35F2C3DA470}.Release|Any CPU.Build.0 = Release|Any CPU
		{D88717D1-6084-412A-A294-12CAC8042F17}.Debug|Any CPU.ActiveCfg = Debug|Any CPU
		{D88717D1-6084-412A-A294-12CAC8042F17}.Debug|Any CPU.Build.0 = Debug|Any CPU
		{D88717D1-6084-412A-A294-12CAC8042F17}.Release|Any CPU.ActiveCfg = Release|Any CPU
		{D88717D1-6084-412A-A294-12CAC8042F17}.Release|Any CPU.Build.0 = Release|Any CPU
		{6944ED6C-BB1A-432D-966F-ECDF56157B4E}.Debug|Any CPU.ActiveCfg = Debug|Any CPU
		{6944ED6C-BB1A-432D-966F-ECDF56157B4E}.Debug|Any CPU.Build.0 = Debug|Any CPU
		{6944ED6C-BB1A-432D-966F-ECDF56157B4E}.Release|Any CPU.ActiveCfg = Release|Any CPU
		{6944ED6C-BB1A-432D-966F-ECDF56157B4E}.Release|Any CPU.Build.0 = Release|Any CPU
		{FAC3009E-B24D-4D45-A8ED-0F1561CFD99D}.Debug|Any CPU.ActiveCfg = Debug|Any CPU
		{FAC3009E-B24D-4D45-A8ED-0F1561CFD99D}.Debug|Any CPU.Build.0 = Debug|Any CPU
		{FAC3009E-B24D-4D45-A8ED-0F1561CFD99D}.Release|Any CPU.ActiveCfg = Release|Any CPU
		{FAC3009E-B24D-4D45-A8ED-0F1561CFD99D}.Release|Any CPU.Build.0 = Release|Any CPU
		{B2F9215D-610B-47DD-9C26-58834481A1ED}.Debug|Any CPU.ActiveCfg = Debug|Any CPU
		{B2F9215D-610B-47DD-9C26-58834481A1ED}.Debug|Any CPU.Build.0 = Debug|Any CPU
		{B2F9215D-610B-47DD-9C26-58834481A1ED}.Release|Any CPU.ActiveCfg = Release|Any CPU
		{B2F9215D-610B-47DD-9C26-58834481A1ED}.Release|Any CPU.Build.0 = Release|Any CPU
		{4B9B4ABA-04A9-4389-A3E1-CB17F619097D}.Debug|Any CPU.ActiveCfg = Debug|Any CPU
		{4B9B4ABA-04A9-4389-A3E1-CB17F619097D}.Debug|Any CPU.Build.0 = Debug|Any CPU
		{4B9B4ABA-04A9-4389-A3E1-CB17F619097D}.Release|Any CPU.ActiveCfg = Release|Any CPU
		{4B9B4ABA-04A9-4389-A3E1-CB17F619097D}.Release|Any CPU.Build.0 = Release|Any CPU
		{4789A66A-193E-4F8D-BCCE-2C6AA3530DCD}.Debug|Any CPU.ActiveCfg = Debug|Any CPU
		{4789A66A-193E-4F8D-BCCE-2C6AA3530DCD}.Debug|Any CPU.Build.0 = Debug|Any CPU
		{4789A66A-193E-4F8D-BCCE-2C6AA3530DCD}.Release|Any CPU.ActiveCfg = Release|Any CPU
		{4789A66A-193E-4F8D-BCCE-2C6AA3530DCD}.Release|Any CPU.Build.0 = Release|Any CPU
		{049A3AA1-B45E-435B-9FA7-21EEF6AD7E00}.Debug|Any CPU.ActiveCfg = Debug|Any CPU
		{049A3AA1-B45E-435B-9FA7-21EEF6AD7E00}.Debug|Any CPU.Build.0 = Debug|Any CPU
		{049A3AA1-B45E-435B-9FA7-21EEF6AD7E00}.Release|Any CPU.ActiveCfg = Release|Any CPU
		{049A3AA1-B45E-435B-9FA7-21EEF6AD7E00}.Release|Any CPU.Build.0 = Release|Any CPU
		{7BB63BA5-1DDC-4ECA-B4E5-5F144AFA4487}.Debug|Any CPU.ActiveCfg = Debug|Any CPU
		{7BB63BA5-1DDC-4ECA-B4E5-5F144AFA4487}.Debug|Any CPU.Build.0 = Debug|Any CPU
		{7BB63BA5-1DDC-4ECA-B4E5-5F144AFA4487}.Release|Any CPU.ActiveCfg = Release|Any CPU
		{7BB63BA5-1DDC-4ECA-B4E5-5F144AFA4487}.Release|Any CPU.Build.0 = Release|Any CPU
		{A7EC9376-9A36-410C-9912-FBE800B2025C}.Debug|Any CPU.ActiveCfg = Debug|Any CPU
		{A7EC9376-9A36-410C-9912-FBE800B2025C}.Debug|Any CPU.Build.0 = Debug|Any CPU
		{A7EC9376-9A36-410C-9912-FBE800B2025C}.Release|Any CPU.ActiveCfg = Release|Any CPU
		{A7EC9376-9A36-410C-9912-FBE800B2025C}.Release|Any CPU.Build.0 = Release|Any CPU
		{D468F481-9A1E-48D3-91C0-3F6D7AB51DEB}.Debug|Any CPU.ActiveCfg = Debug|Any CPU
		{D468F481-9A1E-48D3-91C0-3F6D7AB51DEB}.Debug|Any CPU.Build.0 = Debug|Any CPU
		{D468F481-9A1E-48D3-91C0-3F6D7AB51DEB}.Release|Any CPU.ActiveCfg = Release|Any CPU
		{D468F481-9A1E-48D3-91C0-3F6D7AB51DEB}.Release|Any CPU.Build.0 = Release|Any CPU
	EndGlobalSection
	GlobalSection(SolutionProperties) = preSolution
		HideSolutionNode = FALSE
	EndGlobalSection
	GlobalSection(NestedProjects) = preSolution
		{8F5F0C57-4629-4CAB-96F5-2C74821202D7} = {75FB467F-BD73-4B6A-A299-5611655C51B4}
		{C5AB53C7-E6DF-47B6-8BCE-ECFE7A29D010} = {75FB467F-BD73-4B6A-A299-5611655C51B4}
		{6EF558A4-F1D6-40FC-897B-C4F1F49C0531} = {75FB467F-BD73-4B6A-A299-5611655C51B4}
		{615A1F31-CEE3-4AC3-B8DC-741A405531BE} = {75FB467F-BD73-4B6A-A299-5611655C51B4}
		{40B5A93B-92DD-4B90-A628-E35F2C3DA470} = {75FB467F-BD73-4B6A-A299-5611655C51B4}
		{D88717D1-6084-412A-A294-12CAC8042F17} = {75FB467F-BD73-4B6A-A299-5611655C51B4}
		{75FB467F-BD73-4B6A-A299-5611655C51B4} = {AC23D471-FF4C-40E8-9316-0F33F90F5267}
		{EBDADD5D-F10C-4C69-8F84-87DCDE1BAAD7} = {AC23D471-FF4C-40E8-9316-0F33F90F5267}
		{6944ED6C-BB1A-432D-966F-ECDF56157B4E} = {EBDADD5D-F10C-4C69-8F84-87DCDE1BAAD7}
		{FAC3009E-B24D-4D45-A8ED-0F1561CFD99D} = {EBDADD5D-F10C-4C69-8F84-87DCDE1BAAD7}
		{B2F9215D-610B-47DD-9C26-58834481A1ED} = {EBDADD5D-F10C-4C69-8F84-87DCDE1BAAD7}
		{4B9B4ABA-04A9-4389-A3E1-CB17F619097D} = {EBDADD5D-F10C-4C69-8F84-87DCDE1BAAD7}
		{4789A66A-193E-4F8D-BCCE-2C6AA3530DCD} = {EBDADD5D-F10C-4C69-8F84-87DCDE1BAAD7}
		{049A3AA1-B45E-435B-9FA7-21EEF6AD7E00} = {EBDADD5D-F10C-4C69-8F84-87DCDE1BAAD7}
		{7BB63BA5-1DDC-4ECA-B4E5-5F144AFA4487} = {EBDADD5D-F10C-4C69-8F84-87DCDE1BAAD7}
		{2E56C60B-F219-4146-8E0C-DEBE89FE8771} = {66A31B69-2F4D-466C-9BF0-9BD53F36B20C}
		{A7EC9376-9A36-410C-9912-FBE800B2025C} = {2E56C60B-F219-4146-8E0C-DEBE89FE8771}
		{D468F481-9A1E-48D3-91C0-3F6D7AB51DEB} = {0B82CCA7-2290-4FF7-A336-FE64C58B27A4}
		{0B82CCA7-2290-4FF7-A336-FE64C58B27A4} = {66A31B69-2F4D-466C-9BF0-9BD53F36B20C}
	EndGlobalSection
EndGlobal
